
Microsoft Visual Studio Solution File, Format Version 12.00
# Visual Studio Version 16
VisualStudioVersion = 16.0.30503.244
MinimumVisualStudioVersion = 10.0.40219.1
Project("{FAE04EC0-301F-11D3-BF4B-00C04F79EFBC}") = "PluralSight_Generics", "PluralSight_Generics\PluralSight_Generics.csproj", "{1B7A521F-E51E-41CB-8F2E-4E5955E46A21}"
EndProject
Global
	GlobalSection(SolutionConfigurationPlatforms) = preSolution
		Debug|Any CPU = Debug|Any CPU
		Release|Any CPU = Release|Any CPU
	EndGlobalSection
	GlobalSection(ProjectConfigurationPlatforms) = postSolution
		{1B7A521F-E51E-41CB-8F2E-4E5955E46A21}.Debug|Any CPU.ActiveCfg = Debug|Any CPU
		{1B7A521F-E51E-41CB-8F2E-4E5955E46A21}.Debug|Any CPU.Build.0 = Debug|Any CPU
		{1B7A521F-E51E-41CB-8F2E-4E5955E46A21}.Release|Any CPU.ActiveCfg = Release|Any CPU
		{1B7A521F-E51E-41CB-8F2E-4E5955E46A21}.Release|Any CPU.Build.0 = Release|Any CPU
	EndGlobalSection
	GlobalSection(SolutionProperties) = preSolution
		HideSolutionNode = FALSE
	EndGlobalSection
	GlobalSection(ExtensibilityGlobals) = postSolution
		SolutionGuid = {B592E4B9-34E0-42AA-A9DE-5D74159BFEAC}
	EndGlobalSection
EndGlobal
